<Solution>
  <Folder Name="/src/">
    <Project Path="src/Tinadec.Contracts/Tinadec.Contracts.csproj" />
    <Project Path="src/TinadecModel/TinadecModel.csproj" />
    <Project Path="src/TinadecCore/TinadecCore.csproj" />
  </Folder>
  <Folder Name="/tests/">
    <Project Path="tests/TinadecCore.Tests/TinadecCore.Tests.csproj" />
    <Project Path="tests/Tinadec.Contracts.Tests/Tinadec.Contracts.Tests.csproj" />
  </Folder>
  <Project Path="TinadecTools/TinadecTools.csproj" />
</Solution>
